
Microsoft Visual Studio Solution File, Format Version 12.00
# Visual Studio Version 17
VisualStudioVersion = 17.4.33122.133
MinimumVisualStudioVersion = 10.0.40219.1
Project("{FAE04EC0-301F-11D3-BF4B-00C04F79EFBC}") = "newProjectPrototype", "newProjectPrototype\newProjectPrototype.csproj", "{35048F5F-E439-42D2-8579-E5DC5D24284D}"
EndProject
Global
	GlobalSection(SolutionConfigurationPlatforms) = preSolution
		Debug|Any CPU = Debug|Any CPU
		Release|Any CPU = Release|Any CPU
	EndGlobalSection
	GlobalSection(ProjectConfigurationPlatforms) = postSolution
		{35048F5F-E439-42D2-8579-E5DC5D24284D}.Debug|Any CPU.ActiveCfg = Debug|Any CPU
		{35048F5F-E439-42D2-8579-E5DC5D24284D}.Debug|Any CPU.Build.0 = Debug|Any CPU
		{35048F5F-E439-42D2-8579-E5DC5D24284D}.Release|Any CPU.ActiveCfg = Release|Any CPU
		{35048F5F-E439-42D2-8579-E5DC5D24284D}.Release|Any CPU.Build.0 = Release|Any CPU
	EndGlobalSection
	GlobalSection(SolutionProperties) = preSolution
		HideSolutionNode = FALSE
	EndGlobalSection
	GlobalSection(ExtensibilityGlobals) = postSolution
		SolutionGuid = {CEB3F3A5-DDE5-4CC3-A494-886449FA0A66}
	EndGlobalSection
EndGlobal
